<Solution>
  <Project Path="Standard.Agents/Standard.Agents.csproj" />
  <Project Path="Standard.Agents.Conformance/Standard.Agents.Conformance.csproj" />
  <Project Path="Standard.Agents.Demo/Standard.Agents.Demo.csproj" />
  <Project Path="Standard.Agents.Tests.Unit/Standard.Agents.Tests.Unit.csproj" />
</Solution>
